
Microsoft Visual Studio Solution File, Format Version 12.00
Project("{FAE04EC0-301F-11D3-BF4B-00C04F79EFBC}") = "HomeworkCalc", "HomeworkCalc\HomeworkCalc.csproj", "{24825F75-320E-4D7E-A685-416A889E03FC}"
EndProject
Project("{FAE04EC0-301F-11D3-BF4B-00C04F79EFBC}") = "TestClaculator", "TestClaculator\TestClaculator.csproj", "{0A7222A8-1E73-443F-AEDB-7021EB077602}"
EndProject
Global
	GlobalSection(SolutionConfigurationPlatforms) = preSolution
		Debug|Any CPU = Debug|Any CPU
		Release|Any CPU = Release|Any CPU
	EndGlobalSection
	GlobalSection(ProjectConfigurationPlatforms) = postSolution
		{24825F75-320E-4D7E-A685-416A889E03FC}.Debug|Any CPU.ActiveCfg = Debug|Any CPU
		{24825F75-320E-4D7E-A685-416A889E03FC}.Debug|Any CPU.Build.0 = Debug|Any CPU
		{24825F75-320E-4D7E-A685-416A889E03FC}.Release|Any CPU.ActiveCfg = Release|Any CPU
		{24825F75-320E-4D7E-A685-416A889E03FC}.Release|Any CPU.Build.0 = Release|Any CPU
		{0A7222A8-1E73-443F-AEDB-7021EB077602}.Debug|Any CPU.ActiveCfg = Debug|Any CPU
		{0A7222A8-1E73-443F-AEDB-7021EB077602}.Debug|Any CPU.Build.0 = Debug|Any CPU
		{0A7222A8-1E73-443F-AEDB-7021EB077602}.Release|Any CPU.ActiveCfg = Release|Any CPU
		{0A7222A8-1E73-443F-AEDB-7021EB077602}.Release|Any CPU.Build.0 = Release|Any CPU
	EndGlobalSection
EndGlobal
